// !$*UTF8*$!
{
	archiveVersion = 1;
	classes = {
	};
	objectVersion = 50;
	objects = {

/* Begin PBXBuildFile section */
		A062205721A5DB0000A17065 /* UIImageExtensions.swift in Sources */ = {isa = PBXBuildFile; fileRef = A0C704A621970F9C0003192B /* UIImageExtensions.swift */; };
		A062206A21A5E33D00A17065 /* UIKit.framework in Frameworks */ = {isa = PBXBuildFile; fileRef = A062206921A5E33D00A17065 /* UIKit.framework */; };
		A062206C21A5E40000A17065 /* ImageTest.xcassets in Resources */ = {isa = PBXBuildFile; fileRef = A062206B21A5E40000A17065 /* ImageTest.xcassets */; };
		A062206D21A5E40000A17065 /* ImageTest.xcassets in Resources */ = {isa = PBXBuildFile; fileRef = A062206B21A5E40000A17065 /* ImageTest.xcassets */; };
		A062206F21A5EE7E00A17065 /* UIColorExtensions.swift in Sources */ = {isa = PBXBuildFile; fileRef = A062206E21A5EE7E00A17065 /* UIColorExtensions.swift */; };
		A062207021A5EE7E00A17065 /* UIColorExtensions.swift in Sources */ = {isa = PBXBuildFile; fileRef = A062206E21A5EE7E00A17065 /* UIColorExtensions.swift */; };
		A062207521A5EEC900A17065 /* TestUIColorExtensions.swift in Sources */ = {isa = PBXBuildFile; fileRef = A062207421A5EEC900A17065 /* TestUIColorExtensions.swift */; };
		A09B45F921A3413100BF5694 /* NSMutableAttributedStringExtensions.swift in Sources */ = {isa = PBXBuildFile; fileRef = A0C704A821970FD30003192B /* NSMutableAttributedStringExtensions.swift */; };
		A0C704B6219711670003192B /* SwiftExtensions.h in Headers */ = {isa = PBXBuildFile; fileRef = A0C704B4219711670003192B /* SwiftExtensions.h */; settings = {ATTRIBUTES = (Public, ); }; };
		A0C704C1219711870003192B /* SwiftExtensionsTests.swift in Sources */ = {isa = PBXBuildFile; fileRef = A0C704C0219711870003192B /* SwiftExtensionsTests.swift */; };
		A0C704C3219711870003192B /* SwiftExtensions.framework in Frameworks */ = {isa = PBXBuildFile; fileRef = A0C704B1219711670003192B /* SwiftExtensions.framework */; };
		A0C704CA219711D70003192B /* TestDateExtensions.swift in Sources */ = {isa = PBXBuildFile; fileRef = A0C704A321970F9C0003192B /* TestDateExtensions.swift */; };
		A0C704CB219711DB0003192B /* TextUIImageExtensions.swift in Sources */ = {isa = PBXBuildFile; fileRef = A0C704A421970F9C0003192B /* TextUIImageExtensions.swift */; };
		A0C704CC219711DD0003192B /* TestNSMutableAttributedStringExtensions.swift in Sources */ = {isa = PBXBuildFile; fileRef = A0C704A921970FF00003192B /* TestNSMutableAttributedStringExtensions.swift */; };
		A0C704CD219711DF0003192B /* TestArrayExtensions.swift in Sources */ = {isa = PBXBuildFile; fileRef = A0C704AB219710270003192B /* TestArrayExtensions.swift */; };
		A0C704CE219711E30003192B /* ArrayExtensions.swift in Sources */ = {isa = PBXBuildFile; fileRef = A0C704AA2197101B0003192B /* ArrayExtensions.swift */; };
		A0C704CF219711E50003192B /* NSMutableAttributedStringExtensions.swift in Sources */ = {isa = PBXBuildFile; fileRef = A0C704A821970FD30003192B /* NSMutableAttributedStringExtensions.swift */; };
		A0C704D0219711E70003192B /* DateExtensions.swift in Sources */ = {isa = PBXBuildFile; fileRef = A0C704A721970F9C0003192B /* DateExtensions.swift */; };
		A0C704D1219711E90003192B /* UIImageExtensions.swift in Sources */ = {isa = PBXBuildFile; fileRef = A0C704A621970F9C0003192B /* UIImageExtensions.swift */; };
		A0C704D6219713200003192B /* StringExtension.swift in Sources */ = {isa = PBXBuildFile; fileRef = A0C704D5219713200003192B /* StringExtension.swift */; };
		A0C704D82197135E0003192B /* TextStringExtensions.swift in Sources */ = {isa = PBXBuildFile; fileRef = A0C704D72197135E0003192B /* TextStringExtensions.swift */; };
		A0C704DA219719B10003192B /* NSObjectExtensions.swift in Sources */ = {isa = PBXBuildFile; fileRef = A0C704D9219719B10003192B /* NSObjectExtensions.swift */; };
		A0C704DC219719D30003192B /* TestNSObjectExtensions.swift in Sources */ = {isa = PBXBuildFile; fileRef = A0C704DB219719D30003192B /* TestNSObjectExtensions.swift */; };
		A0CC2D0421A8D54F009AFA23 /* StringExtension.swift in Sources */ = {isa = PBXBuildFile; fileRef = A0C704D5219713200003192B /* StringExtension.swift */; };
		A0CC2D0621A8D750009AFA23 /* LocalizedTestEN.strings in Resources */ = {isa = PBXBuildFile; fileRef = A0CC2D0521A8D750009AFA23 /* LocalizedTestEN.strings */; };
		A0CC2D0721A8D750009AFA23 /* LocalizedTestEN.strings in Resources */ = {isa = PBXBuildFile; fileRef = A0CC2D0521A8D750009AFA23 /* LocalizedTestEN.strings */; };
		A0CC2D0921A8D761009AFA23 /* LocalizedTestIT.strings in Resources */ = {isa = PBXBuildFile; fileRef = A0CC2D0821A8D761009AFA23 /* LocalizedTestIT.strings */; };
		A0CC2D0A21A8D761009AFA23 /* LocalizedTestIT.strings in Resources */ = {isa = PBXBuildFile; fileRef = A0CC2D0821A8D761009AFA23 /* LocalizedTestIT.strings */; };
		A0D636B52199BDC5002F3D9B /* NSObjectExtensions.swift in Sources */ = {isa = PBXBuildFile; fileRef = A0C704D9219719B10003192B /* NSObjectExtensions.swift */; };
		A0D636B62199BF50002F3D9B /* ArrayExtensions.swift in Sources */ = {isa = PBXBuildFile; fileRef = A0C704AA2197101B0003192B /* ArrayExtensions.swift */; };
/* End PBXBuildFile section */

/* Begin PBXContainerItemProxy section */
		A0C704C4219711870003192B /* PBXContainerItemProxy */ = {
			isa = PBXContainerItemProxy;
			containerPortal = A031B8DB21970C7F000A49D5 /* Project object */;
			proxyType = 1;
			remoteGlobalIDString = A0C704B0219711670003192B;
			remoteInfo = SwiftExtensions;
		};
/* End PBXContainerItemProxy section */

/* Begin PBXFileReference section */
		A062206721A5E22900A17065 /* AssetsLibrary.framework */ = {isa = PBXFileReference; lastKnownFileType = wrapper.framework; name = AssetsLibrary.framework; path = Platforms/iPhoneOS.platform/Developer/SDKs/iPhoneOS12.1.sdk/System/Library/Frameworks/AssetsLibrary.framework; sourceTree = DEVELOPER_DIR; };
		A062206921A5E33D00A17065 /* UIKit.framework */ = {isa = PBXFileReference; lastKnownFileType = wrapper.framework; name = UIKit.framework; path = Platforms/iPhoneOS.platform/Developer/SDKs/iPhoneOS12.1.sdk/System/Library/Frameworks/UIKit.framework; sourceTree = DEVELOPER_DIR; };
		A062206B21A5E40000A17065 /* ImageTest.xcassets */ = {isa = PBXFileReference; lastKnownFileType = folder.assetcatalog; path = ImageTest.xcassets; sourceTree = "<group>"; };
		A062206E21A5EE7E00A17065 /* UIColorExtensions.swift */ = {isa = PBXFileReference; lastKnownFileType = sourcecode.swift; path = UIColorExtensions.swift; sourceTree = "<group>"; };
		A062207421A5EEC900A17065 /* TestUIColorExtensions.swift */ = {isa = PBXFileReference; lastKnownFileType = sourcecode.swift; path = TestUIColorExtensions.swift; sourceTree = "<group>"; };
		A0C704A321970F9C0003192B /* TestDateExtensions.swift */ = {isa = PBXFileReference; lastKnownFileType = sourcecode.swift; path = TestDateExtensions.swift; sourceTree = "<group>"; };
		A0C704A421970F9C0003192B /* TextUIImageExtensions.swift */ = {isa = PBXFileReference; lastKnownFileType = sourcecode.swift; path = TextUIImageExtensions.swift; sourceTree = "<group>"; };
		A0C704A621970F9C0003192B /* UIImageExtensions.swift */ = {isa = PBXFileReference; lastKnownFileType = sourcecode.swift; path = UIImageExtensions.swift; sourceTree = "<group>"; };
		A0C704A721970F9C0003192B /* DateExtensions.swift */ = {isa = PBXFileReference; lastKnownFileType = sourcecode.swift; path = DateExtensions.swift; sourceTree = "<group>"; };
		A0C704A821970FD30003192B /* NSMutableAttributedStringExtensions.swift */ = {isa = PBXFileReference; lastKnownFileType = sourcecode.swift; path = NSMutableAttributedStringExtensions.swift; sourceTree = "<group>"; };
		A0C704A921970FF00003192B /* TestNSMutableAttributedStringExtensions.swift */ = {isa = PBXFileReference; lastKnownFileType = sourcecode.swift; path = TestNSMutableAttributedStringExtensions.swift; sourceTree = "<group>"; };
		A0C704AA2197101B0003192B /* ArrayExtensions.swift */ = {isa = PBXFileReference; lastKnownFileType = sourcecode.swift; path = ArrayExtensions.swift; sourceTree = "<group>"; };
		A0C704AB219710270003192B /* TestArrayExtensions.swift */ = {isa = PBXFileReference; lastKnownFileType = sourcecode.swift; path = TestArrayExtensions.swift; sourceTree = "<group>"; };
		A0C704B1219711670003192B /* SwiftExtensions.framework */ = {isa = PBXFileReference; explicitFileType = wrapper.framework; includeInIndex = 0; path = SwiftExtensions.framework; sourceTree = BUILT_PRODUCTS_DIR; };
		A0C704B4219711670003192B /* SwiftExtensions.h */ = {isa = PBXFileReference; lastKnownFileType = sourcecode.c.h; path = SwiftExtensions.h; sourceTree = "<group>"; };
		A0C704B5219711670003192B /* Info.plist */ = {isa = PBXFileReference; lastKnownFileType = text.plist.xml; path = Info.plist; sourceTree = "<group>"; };
		A0C704BE219711870003192B /* SwiftExtensionsTests.xctest */ = {isa = PBXFileReference; explicitFileType = wrapper.cfbundle; includeInIndex = 0; path = SwiftExtensionsTests.xctest; sourceTree = BUILT_PRODUCTS_DIR; };
		A0C704C0219711870003192B /* SwiftExtensionsTests.swift */ = {isa = PBXFileReference; lastKnownFileType = sourcecode.swift; path = SwiftExtensionsTests.swift; sourceTree = "<group>"; };
		A0C704C2219711870003192B /* Info.plist */ = {isa = PBXFileReference; lastKnownFileType = text.plist.xml; path = Info.plist; sourceTree = "<group>"; };
		A0C704D5219713200003192B /* StringExtension.swift */ = {isa = PBXFileReference; lastKnownFileType = sourcecode.swift; path = StringExtension.swift; sourceTree = "<group>"; };
		A0C704D72197135E0003192B /* TextStringExtensions.swift */ = {isa = PBXFileReference; lastKnownFileType = sourcecode.swift; path = TextStringExtensions.swift; sourceTree = "<group>"; };
		A0C704D9219719B10003192B /* NSObjectExtensions.swift */ = {isa = PBXFileReference; lastKnownFileType = sourcecode.swift; path = NSObjectExtensions.swift; sourceTree = "<group>"; };
		A0C704DB219719D30003192B /* TestNSObjectExtensions.swift */ = {isa = PBXFileReference; lastKnownFileType = sourcecode.swift; path = TestNSObjectExtensions.swift; sourceTree = "<group>"; };
		A0CC2D0521A8D750009AFA23 /* LocalizedTestEN.strings */ = {isa = PBXFileReference; lastKnownFileType = text.plist.strings; path = LocalizedTestEN.strings; sourceTree = "<group>"; };
		A0CC2D0821A8D761009AFA23 /* LocalizedTestIT.strings */ = {isa = PBXFileReference; lastKnownFileType = text.plist.strings; path = LocalizedTestIT.strings; sourceTree = "<group>"; };
/* End PBXFileReference section */

/* Begin PBXFrameworksBuildPhase section */
		A0C704AE219711670003192B /* Frameworks */ = {
			isa = PBXFrameworksBuildPhase;
			buildActionMask = 2147483647;
			files = (
				A062206A21A5E33D00A17065 /* UIKit.framework in Frameworks */,
			);
			runOnlyForDeploymentPostprocessing = 0;
		};
		A0C704BB219711870003192B /* Frameworks */ = {
			isa = PBXFrameworksBuildPhase;
			buildActionMask = 2147483647;
			files = (
				A0C704C3219711870003192B /* SwiftExtensions.framework in Frameworks */,
			);
			runOnlyForDeploymentPostprocessing = 0;
		};
/* End PBXFrameworksBuildPhase section */

/* Begin PBXGroup section */
		A031B8DA21970C7F000A49D5 = {
			isa = PBXGroup;
			children = (
				A0C704A521970F9C0003192B /* Extensions */,
				A0C704A221970F9C0003192B /* Tests */,
				A0C704C92197118D0003192B /* Targets */,
				A0C704B2219711670003192B /* Products */,
				A062206621A5E22900A17065 /* Frameworks */,
			);
			sourceTree = "<group>";
		};
		A062206621A5E22900A17065 /* Frameworks */ = {
			isa = PBXGroup;
			children = (
				A062206921A5E33D00A17065 /* UIKit.framework */,
				A062206721A5E22900A17065 /* AssetsLibrary.framework */,
			);
			name = Frameworks;
			sourceTree = "<group>";
		};
		A0C704A221970F9C0003192B /* Tests */ = {
			isa = PBXGroup;
			children = (
				A0D636B72199C11E002F3D9B /* Testing Assets */,
				A0C704DB219719D30003192B /* TestNSObjectExtensions.swift */,
				A0C704AB219710270003192B /* TestArrayExtensions.swift */,
				A0C704D72197135E0003192B /* TextStringExtensions.swift */,
				A0C704A321970F9C0003192B /* TestDateExtensions.swift */,
				A0C704A921970FF00003192B /* TestNSMutableAttributedStringExtensions.swift */,
				A062207421A5EEC900A17065 /* TestUIColorExtensions.swift */,
				A0C704A421970F9C0003192B /* TextUIImageExtensions.swift */,
			);
			path = Tests;
			sourceTree = "<group>";
		};
		A0C704A521970F9C0003192B /* Extensions */ = {
			isa = PBXGroup;
			children = (
				A0C704D9219719B10003192B /* NSObjectExtensions.swift */,
				A0C704AA2197101B0003192B /* ArrayExtensions.swift */,
				A0C704D5219713200003192B /* StringExtension.swift */,
				A0C704A721970F9C0003192B /* DateExtensions.swift */,
				A0C704A821970FD30003192B /* NSMutableAttributedStringExtensions.swift */,
				A062206E21A5EE7E00A17065 /* UIColorExtensions.swift */,
				A0C704A621970F9C0003192B /* UIImageExtensions.swift */,
			);
			path = Extensions;
			sourceTree = "<group>";
		};
		A0C704B2219711670003192B /* Products */ = {
			isa = PBXGroup;
			children = (
				A0C704B1219711670003192B /* SwiftExtensions.framework */,
				A0C704BE219711870003192B /* SwiftExtensionsTests.xctest */,
			);
			name = Products;
			sourceTree = "<group>";
		};
		A0C704B3219711670003192B /* SwiftExtensions */ = {
			isa = PBXGroup;
			children = (
				A0C704B4219711670003192B /* SwiftExtensions.h */,
				A0C704B5219711670003192B /* Info.plist */,
			);
			path = SwiftExtensions;
			sourceTree = "<group>";
		};
		A0C704BF219711870003192B /* SwiftExtensionsTests */ = {
			isa = PBXGroup;
			children = (
				A0C704C0219711870003192B /* SwiftExtensionsTests.swift */,
				A0C704C2219711870003192B /* Info.plist */,
			);
			path = SwiftExtensionsTests;
			sourceTree = "<group>";
		};
		A0C704C92197118D0003192B /* Targets */ = {
			isa = PBXGroup;
			children = (
				A0C704B3219711670003192B /* SwiftExtensions */,
				A0C704BF219711870003192B /* SwiftExtensionsTests */,
			);
			path = Targets;
			sourceTree = "<group>";
		};
		A0CC2D0B21A8D769009AFA23 /* Localization Strings */ = {
			isa = PBXGroup;
			children = (
				A0CC2D0521A8D750009AFA23 /* LocalizedTestEN.strings */,
				A0CC2D0821A8D761009AFA23 /* LocalizedTestIT.strings */,
			);
			path = "Localization Strings";
			sourceTree = "<group>";
		};
		A0D636B72199C11E002F3D9B /* Testing Assets */ = {
			isa = PBXGroup;
			children = (
				A062206B21A5E40000A17065 /* ImageTest.xcassets */,
				A0CC2D0B21A8D769009AFA23 /* Localization Strings */,
			);
			path = "Testing Assets";
			sourceTree = "<group>";
		};
/* End PBXGroup section */

/* Begin PBXHeadersBuildPhase section */
		A0C704AC219711670003192B /* Headers */ = {
			isa = PBXHeadersBuildPhase;
			buildActionMask = 2147483647;
			files = (
				A0C704B6219711670003192B /* SwiftExtensions.h in Headers */,
			);
			runOnlyForDeploymentPostprocessing = 0;
		};
/* End PBXHeadersBuildPhase section */

/* Begin PBXNativeTarget section */
		A0C704B0219711670003192B /* SwiftExtensions */ = {
			isa = PBXNativeTarget;
			buildConfigurationList = A0C704B7219711670003192B /* Build configuration list for PBXNativeTarget "SwiftExtensions" */;
			buildPhases = (
				A0C704AC219711670003192B /* Headers */,
				A0C704AD219711670003192B /* Sources */,
				A0C704AE219711670003192B /* Frameworks */,
				A0C704AF219711670003192B /* Resources */,
			);
			buildRules = (
			);
			dependencies = (
			);
			name = SwiftExtensions;
			productName = SwiftExtensions;
			productReference = A0C704B1219711670003192B /* SwiftExtensions.framework */;
			productType = "com.apple.product-type.framework";
		};
		A0C704BD219711870003192B /* SwiftExtensionsTests */ = {
			isa = PBXNativeTarget;
			buildConfigurationList = A0C704C6219711870003192B /* Build configuration list for PBXNativeTarget "SwiftExtensionsTests" */;
			buildPhases = (
				A0C704BA219711870003192B /* Sources */,
				A0C704BB219711870003192B /* Frameworks */,
				A0C704BC219711870003192B /* Resources */,
			);
			buildRules = (
			);
			dependencies = (
				A0C704C5219711870003192B /* PBXTargetDependency */,
			);
			name = SwiftExtensionsTests;
			productName = SwiftExtensionsTests;
			productReference = A0C704BE219711870003192B /* SwiftExtensionsTests.xctest */;
			productType = "com.apple.product-type.bundle.unit-test";
		};
/* End PBXNativeTarget section */

/* Begin PBXProject section */
		A031B8DB21970C7F000A49D5 /* Project object */ = {
			isa = PBXProject;
			attributes = {
				LastSwiftUpdateCheck = 1010;
				LastUpgradeCheck = 1010;
				TargetAttributes = {
					A0C704B0219711670003192B = {
						CreatedOnToolsVersion = 10.1;
					};
					A0C704BD219711870003192B = {
						CreatedOnToolsVersion = 10.1;
					};
				};
			};
			buildConfigurationList = A031B8DE21970C7F000A49D5 /* Build configuration list for PBXProject "SwiftExtensions" */;
			compatibilityVersion = "Xcode 9.3";
			developmentRegion = en;
			hasScannedForEncodings = 0;
			knownRegions = (
				en,
			);
			mainGroup = A031B8DA21970C7F000A49D5;
			productRefGroup = A0C704B2219711670003192B /* Products */;
			projectDirPath = "";
			projectRoot = "";
			targets = (
				A0C704B0219711670003192B /* SwiftExtensions */,
				A0C704BD219711870003192B /* SwiftExtensionsTests */,
			);
		};
/* End PBXProject section */

/* Begin PBXResourcesBuildPhase section */
		A0C704AF219711670003192B /* Resources */ = {
			isa = PBXResourcesBuildPhase;
			buildActionMask = 2147483647;
			files = (
				A0CC2D0921A8D761009AFA23 /* LocalizedTestIT.strings in Resources */,
				A062206C21A5E40000A17065 /* ImageTest.xcassets in Resources */,
				A0CC2D0621A8D750009AFA23 /* LocalizedTestEN.strings in Resources */,
			);
			runOnlyForDeploymentPostprocessing = 0;
		};
		A0C704BC219711870003192B /* Resources */ = {
			isa = PBXResourcesBuildPhase;
			buildActionMask = 2147483647;
			files = (
				A0CC2D0A21A8D761009AFA23 /* LocalizedTestIT.strings in Resources */,
				A062206D21A5E40000A17065 /* ImageTest.xcassets in Resources */,
				A0CC2D0721A8D750009AFA23 /* LocalizedTestEN.strings in Resources */,
			);
			runOnlyForDeploymentPostprocessing = 0;
		};
/* End PBXResourcesBuildPhase section */

/* Begin PBXSourcesBuildPhase section */
		A0C704AD219711670003192B /* Sources */ = {
			isa = PBXSourcesBuildPhase;
			buildActionMask = 2147483647;
			files = (
				A0C704CF219711E50003192B /* NSMutableAttributedStringExtensions.swift in Sources */,
				A062206F21A5EE7E00A17065 /* UIColorExtensions.swift in Sources */,
				A0C704CE219711E30003192B /* ArrayExtensions.swift in Sources */,
				A0C704D6219713200003192B /* StringExtension.swift in Sources */,
				A0C704D0219711E70003192B /* DateExtensions.swift in Sources */,
				A0C704D1219711E90003192B /* UIImageExtensions.swift in Sources */,
				A0C704DA219719B10003192B /* NSObjectExtensions.swift in Sources */,
			);
			runOnlyForDeploymentPostprocessing = 0;
		};
		A0C704BA219711870003192B /* Sources */ = {
			isa = PBXSourcesBuildPhase;
			buildActionMask = 2147483647;
			files = (
				A09B45F921A3413100BF5694 /* NSMutableAttributedStringExtensions.swift in Sources */,
				A062205721A5DB0000A17065 /* UIImageExtensions.swift in Sources */,
				A0C704C1219711870003192B /* SwiftExtensionsTests.swift in Sources */,
				A062207521A5EEC900A17065 /* TestUIColorExtensions.swift in Sources */,
				A062207021A5EE7E00A17065 /* UIColorExtensions.swift in Sources */,
				A0C704D82197135E0003192B /* TextStringExtensions.swift in Sources */,
				A0C704CB219711DB0003192B /* TextUIImageExtensions.swift in Sources */,
				A0D636B52199BDC5002F3D9B /* NSObjectExtensions.swift in Sources */,
				A0CC2D0421A8D54F009AFA23 /* StringExtension.swift in Sources */,
				A0C704CC219711DD0003192B /* TestNSMutableAttributedStringExtensions.swift in Sources */,
				A0C704DC219719D30003192B /* TestNSObjectExtensions.swift in Sources */,
				A0C704CA219711D70003192B /* TestDateExtensions.swift in Sources */,
				A0D636B62199BF50002F3D9B /* ArrayExtensions.swift in Sources */,
				A0C704CD219711DF0003192B /* TestArrayExtensions.swift in Sources */,
			);
			runOnlyForDeploymentPostprocessing = 0;
		};
/* End PBXSourcesBuildPhase section */

/* Begin PBXTargetDependency section */
		A0C704C5219711870003192B /* PBXTargetDependency */ = {
			isa = PBXTargetDependency;
			target = A0C704B0219711670003192B /* SwiftExtensions */;
			targetProxy = A0C704C4219711870003192B /* PBXContainerItemProxy */;
		};
/* End PBXTargetDependency section */

/* Begin XCBuildConfiguration section */
		A031B8DF21970C7F000A49D5 /* Debug */ = {
			isa = XCBuildConfiguration;
			buildSettings = {
			};
			name = Debug;
		};
		A031B8E021970C7F000A49D5 /* Release */ = {
			isa = XCBuildConfiguration;
			buildSettings = {
			};
			name = Release;
		};
		A0C704B8219711670003192B /* Debug */ = {
			isa = XCBuildConfiguration;
			buildSettings = {
				ALWAYS_SEARCH_USER_PATHS = NO;
				CLANG_ANALYZER_NONNULL = YES;
				CLANG_ANALYZER_NUMBER_OBJECT_CONVERSION = YES_AGGRESSIVE;
				CLANG_CXX_LANGUAGE_STANDARD = "gnu++14";
				CLANG_CXX_LIBRARY = "libc++";
				CLANG_ENABLE_MODULES = YES;
				CLANG_ENABLE_OBJC_ARC = YES;
				CLANG_ENABLE_OBJC_WEAK = YES;
				CLANG_WARN_BLOCK_CAPTURE_AUTORELEASING = YES;
				CLANG_WARN_BOOL_CONVERSION = YES;
				CLANG_WARN_COMMA = YES;
				CLANG_WARN_CONSTANT_CONVERSION = YES;
				CLANG_WARN_DEPRECATED_OBJC_IMPLEMENTATIONS = YES;
				CLANG_WARN_DIRECT_OBJC_ISA_USAGE = YES_ERROR;
				CLANG_WARN_DOCUMENTATION_COMMENTS = YES;
				CLANG_WARN_EMPTY_BODY = YES;
				CLANG_WARN_ENUM_CONVERSION = YES;
				CLANG_WARN_INFINITE_RECURSION = YES;
				CLANG_WARN_INT_CONVERSION = YES;
				CLANG_WARN_NON_LITERAL_NULL_CONVERSION = YES;
				CLANG_WARN_OBJC_IMPLICIT_RETAIN_SELF = YES;
				CLANG_WARN_OBJC_LITERAL_CONVERSION = YES;
				CLANG_WARN_OBJC_ROOT_CLASS = YES_ERROR;
				CLANG_WARN_RANGE_LOOP_ANALYSIS = YES;
				CLANG_WARN_STRICT_PROTOTYPES = YES;
				CLANG_WARN_SUSPICIOUS_MOVE = YES;
				CLANG_WARN_UNGUARDED_AVAILABILITY = YES_AGGRESSIVE;
				CLANG_WARN_UNREACHABLE_CODE = YES;
				CLANG_WARN__DUPLICATE_METHOD_MATCH = YES;
				CODE_SIGN_IDENTITY = "iPhone Developer";
				CODE_SIGN_STYLE = Automatic;
				COPY_PHASE_STRIP = NO;
				CURRENT_PROJECT_VERSION = 1;
				DEBUG_INFORMATION_FORMAT = dwarf;
				DEFINES_MODULE = YES;
				DEVELOPMENT_TEAM = VZL5UU3D65;
				DYLIB_COMPATIBILITY_VERSION = 1;
				DYLIB_CURRENT_VERSION = 1;
				DYLIB_INSTALL_NAME_BASE = "@rpath";
				ENABLE_STRICT_OBJC_MSGSEND = YES;
				ENABLE_TESTABILITY = YES;
				GCC_C_LANGUAGE_STANDARD = gnu11;
				GCC_DYNAMIC_NO_PIC = NO;
				GCC_NO_COMMON_BLOCKS = YES;
				GCC_OPTIMIZATION_LEVEL = 0;
				GCC_PREPROCESSOR_DEFINITIONS = (
					"DEBUG=1",
					"$(inherited)",
				);
				GCC_WARN_64_TO_32_BIT_CONVERSION = YES;
				GCC_WARN_ABOUT_RETURN_TYPE = YES_ERROR;
				GCC_WARN_UNDECLARED_SELECTOR = YES;
				GCC_WARN_UNINITIALIZED_AUTOS = YES_AGGRESSIVE;
				GCC_WARN_UNUSED_FUNCTION = YES;
				GCC_WARN_UNUSED_VARIABLE = YES;
				INFOPLIST_FILE = "$(SRCROOT)/Targets/SwiftExtensions/Info.plist";
				INSTALL_PATH = "$(LOCAL_LIBRARY_DIR)/Frameworks";
				IPHONEOS_DEPLOYMENT_TARGET = 8.0;
				LD_RUNPATH_SEARCH_PATHS = (
					"$(inherited)",
					"@executable_path/Frameworks",
					"@loader_path/Frameworks",
				);
				MTL_ENABLE_DEBUG_INFO = INCLUDE_SOURCE;
				MTL_FAST_MATH = YES;
				ONLY_ACTIVE_ARCH = YES;
				PRODUCT_BUNDLE_IDENTIFIER = lucasprates.SwiftExtensions;
				PRODUCT_NAME = "$(TARGET_NAME:c99extidentifier)";
				SDKROOT = iphoneos;
				SKIP_INSTALL = YES;
				SWIFT_ACTIVE_COMPILATION_CONDITIONS = DEBUG;
				SWIFT_OPTIMIZATION_LEVEL = "-Onone";
				SWIFT_VERSION = 4.2;
				TARGETED_DEVICE_FAMILY = "1,2";
				VERSIONING_SYSTEM = "apple-generic";
				VERSION_INFO_PREFIX = "";
			};
			name = Debug;
		};
		A0C704B9219711670003192B /* Release */ = {
			isa = XCBuildConfiguration;
			buildSettings = {
				ALWAYS_SEARCH_USER_PATHS = NO;
				CLANG_ANALYZER_NONNULL = YES;
				CLANG_ANALYZER_NUMBER_OBJECT_CONVERSION = YES_AGGRESSIVE;
				CLANG_CXX_LANGUAGE_STANDARD = "gnu++14";
				CLANG_CXX_LIBRARY = "libc++";
				CLANG_ENABLE_MODULES = YES;
				CLANG_ENABLE_OBJC_ARC = YES;
				CLANG_ENABLE_OBJC_WEAK = YES;
				CLANG_WARN_BLOCK_CAPTURE_AUTORELEASING = YES;
				CLANG_WARN_BOOL_CONVERSION = YES;
				CLANG_WARN_COMMA = YES;
				CLANG_WARN_CONSTANT_CONVERSION = YES;
				CLANG_WARN_DEPRECATED_OBJC_IMPLEMENTATIONS = YES;
				CLANG_WARN_DIRECT_OBJC_ISA_USAGE = YES_ERROR;
				CLANG_WARN_DOCUMENTATION_COMMENTS = YES;
				CLANG_WARN_EMPTY_BODY = YES;
				CLANG_WARN_ENUM_CONVERSION = YES;
				CLANG_WARN_INFINITE_RECURSION = YES;
				CLANG_WARN_INT_CONVERSION = YES;
				CLANG_WARN_NON_LITERAL_NULL_CONVERSION = YES;
				CLANG_WARN_OBJC_IMPLICIT_RETAIN_SELF = YES;
				CLANG_WARN_OBJC_LITERAL_CONVERSION = YES;
				CLANG_WARN_OBJC_ROOT_CLASS = YES_ERROR;
				CLANG_WARN_RANGE_LOOP_ANALYSIS = YES;
				CLANG_WARN_STRICT_PROTOTYPES = YES;
				CLANG_WARN_SUSPICIOUS_MOVE = YES;
				CLANG_WARN_UNGUARDED_AVAILABILITY = YES_AGGRESSIVE;
				CLANG_WARN_UNREACHABLE_CODE = YES;
				CLANG_WARN__DUPLICATE_METHOD_MATCH = YES;
				CODE_SIGN_IDENTITY = "iPhone Developer";
				CODE_SIGN_STYLE = Automatic;
				COPY_PHASE_STRIP = NO;
				CURRENT_PROJECT_VERSION = 1;
				DEBUG_INFORMATION_FORMAT = "dwarf-with-dsym";
				DEFINES_MODULE = YES;
				DEVELOPMENT_TEAM = VZL5UU3D65;
				DYLIB_COMPATIBILITY_VERSION = 1;
				DYLIB_CURRENT_VERSION = 1;
				DYLIB_INSTALL_NAME_BASE = "@rpath";
				ENABLE_NS_ASSERTIONS = NO;
				ENABLE_STRICT_OBJC_MSGSEND = YES;
				GCC_C_LANGUAGE_STANDARD = gnu11;
				GCC_NO_COMMON_BLOCKS = YES;
				GCC_WARN_64_TO_32_BIT_CONVERSION = YES;
				GCC_WARN_ABOUT_RETURN_TYPE = YES_ERROR;
				GCC_WARN_UNDECLARED_SELECTOR = YES;
				GCC_WARN_UNINITIALIZED_AUTOS = YES_AGGRESSIVE;
				GCC_WARN_UNUSED_FUNCTION = YES;
				GCC_WARN_UNUSED_VARIABLE = YES;
				INFOPLIST_FILE = "$(SRCROOT)/Targets/SwiftExtensions/Info.plist";
				INSTALL_PATH = "$(LOCAL_LIBRARY_DIR)/Frameworks";
				IPHONEOS_DEPLOYMENT_TARGET = 8.0;
				LD_RUNPATH_SEARCH_PATHS = (
					"$(inherited)",
					"@executable_path/Frameworks",
					"@loader_path/Frameworks",
				);
				MTL_ENABLE_DEBUG_INFO = NO;
				MTL_FAST_MATH = YES;
				PRODUCT_BUNDLE_IDENTIFIER = lucasprates.SwiftExtensions;
				PRODUCT_NAME = "$(TARGET_NAME:c99extidentifier)";
				SDKROOT = iphoneos;
				SKIP_INSTALL = YES;
				SWIFT_COMPILATION_MODE = wholemodule;
				SWIFT_OPTIMIZATION_LEVEL = "-O";
				SWIFT_VERSION = 4.2;
				TARGETED_DEVICE_FAMILY = "1,2";
				VALIDATE_PRODUCT = YES;
				VERSIONING_SYSTEM = "apple-generic";
				VERSION_INFO_PREFIX = "";
			};
			name = Release;
		};
		A0C704C7219711870003192B /* Debug */ = {
			isa = XCBuildConfiguration;
			buildSettings = {
				ALWAYS_EMBED_SWIFT_STANDARD_LIBRARIES = YES;
				ALWAYS_SEARCH_USER_PATHS = NO;
				CLANG_ANALYZER_NONNULL = YES;
				CLANG_ANALYZER_NUMBER_OBJECT_CONVERSION = YES_AGGRESSIVE;
				CLANG_CXX_LANGUAGE_STANDARD = "gnu++14";
				CLANG_CXX_LIBRARY = "libc++";
				CLANG_ENABLE_MODULES = YES;
				CLANG_ENABLE_OBJC_ARC = YES;
				CLANG_ENABLE_OBJC_WEAK = YES;
				CLANG_WARN_BLOCK_CAPTURE_AUTORELEASING = YES;
				CLANG_WARN_BOOL_CONVERSION = YES;
				CLANG_WARN_COMMA = YES;
				CLANG_WARN_CONSTANT_CONVERSION = YES;
				CLANG_WARN_DEPRECATED_OBJC_IMPLEMENTATIONS = YES;
				CLANG_WARN_DIRECT_OBJC_ISA_USAGE = YES_ERROR;
				CLANG_WARN_DOCUMENTATION_COMMENTS = YES;
				CLANG_WARN_EMPTY_BODY = YES;
				CLANG_WARN_ENUM_CONVERSION = YES;
				CLANG_WARN_INFINITE_RECURSION = YES;
				CLANG_WARN_INT_CONVERSION = YES;
				CLANG_WARN_NON_LITERAL_NULL_CONVERSION = YES;
				CLANG_WARN_OBJC_IMPLICIT_RETAIN_SELF = YES;
				CLANG_WARN_OBJC_LITERAL_CONVERSION = YES;
				CLANG_WARN_OBJC_ROOT_CLASS = YES_ERROR;
				CLANG_WARN_RANGE_LOOP_ANALYSIS = YES;
				CLANG_WARN_STRICT_PROTOTYPES = YES;
				CLANG_WARN_SUSPICIOUS_MOVE = YES;
				CLANG_WARN_UNGUARDED_AVAILABILITY = YES_AGGRESSIVE;
				CLANG_WARN_UNREACHABLE_CODE = YES;
				CLANG_WARN__DUPLICATE_METHOD_MATCH = YES;
				CODE_SIGN_IDENTITY = "iPhone Developer";
				CODE_SIGN_STYLE = Automatic;
				COPY_PHASE_STRIP = NO;
				DEBUG_INFORMATION_FORMAT = dwarf;
				DEVELOPMENT_TEAM = VZL5UU3D65;
				ENABLE_STRICT_OBJC_MSGSEND = YES;
				ENABLE_TESTABILITY = YES;
				GCC_C_LANGUAGE_STANDARD = gnu11;
				GCC_DYNAMIC_NO_PIC = NO;
				GCC_NO_COMMON_BLOCKS = YES;
				GCC_OPTIMIZATION_LEVEL = 0;
				GCC_PREPROCESSOR_DEFINITIONS = (
					"DEBUG=1",
					"$(inherited)",
				);
				GCC_WARN_64_TO_32_BIT_CONVERSION = YES;
				GCC_WARN_ABOUT_RETURN_TYPE = YES_ERROR;
				GCC_WARN_UNDECLARED_SELECTOR = YES;
				GCC_WARN_UNINITIALIZED_AUTOS = YES_AGGRESSIVE;
				GCC_WARN_UNUSED_FUNCTION = YES;
				GCC_WARN_UNUSED_VARIABLE = YES;
				INFOPLIST_FILE = Targets/SwiftExtensionsTests/Info.plist;
				IPHONEOS_DEPLOYMENT_TARGET = 12.1;
				LD_RUNPATH_SEARCH_PATHS = (
					"$(inherited)",
					"@executable_path/Frameworks",
					"@loader_path/Frameworks",
				);
				MTL_ENABLE_DEBUG_INFO = INCLUDE_SOURCE;
				MTL_FAST_MATH = YES;
				ONLY_ACTIVE_ARCH = YES;
				PRODUCT_BUNDLE_IDENTIFIER = lucasprates.SwiftExtensionsTests;
				PRODUCT_NAME = "$(TARGET_NAME)";
				SDKROOT = iphoneos;
				SWIFT_ACTIVE_COMPILATION_CONDITIONS = DEBUG;
				SWIFT_OPTIMIZATION_LEVEL = "-Onone";
				SWIFT_VERSION = 4.2;
				TARGETED_DEVICE_FAMILY = "1,2";
			};
			name = Debug;
		};
		A0C704C8219711870003192B /* Release */ = {
			isa = XCBuildConfiguration;
			buildSettings = {
				ALWAYS_EMBED_SWIFT_STANDARD_LIBRARIES = YES;
				ALWAYS_SEARCH_USER_PATHS = NO;
				CLANG_ANALYZER_NONNULL = YES;
				CLANG_ANALYZER_NUMBER_OBJECT_CONVERSION = YES_AGGRESSIVE;
				CLANG_CXX_LANGUAGE_STANDARD = "gnu++14";
				CLANG_CXX_LIBRARY = "libc++";
				CLANG_ENABLE_MODULES = YES;
				CLANG_ENABLE_OBJC_ARC = YES;
				CLANG_ENABLE_OBJC_WEAK = YES;
				CLANG_WARN_BLOCK_CAPTURE_AUTORELEASING = YES;
				CLANG_WARN_BOOL_CONVERSION = YES;
				CLANG_WARN_COMMA = YES;
				CLANG_WARN_CONSTANT_CONVERSION = YES;
				CLANG_WARN_DEPRECATED_OBJC_IMPLEMENTATIONS = YES;
				CLANG_WARN_DIRECT_OBJC_ISA_USAGE = YES_ERROR;
				CLANG_WARN_DOCUMENTATION_COMMENTS = YES;
				CLANG_WARN_EMPTY_BODY = YES;
				CLANG_WARN_ENUM_CONVERSION = YES;
				CLANG_WARN_INFINITE_RECURSION = YES;
				CLANG_WARN_INT_CONVERSION = YES;
				CLANG_WARN_NON_LITERAL_NULL_CONVERSION = YES;
				CLANG_WARN_OBJC_IMPLICIT_RETAIN_SELF = YES;
				CLANG_WARN_OBJC_LITERAL_CONVERSION = YES;
				CLANG_WARN_OBJC_ROOT_CLASS = YES_ERROR;
				CLANG_WARN_RANGE_LOOP_ANALYSIS = YES;
				CLANG_WARN_STRICT_PROTOTYPES = YES;
				CLANG_WARN_SUSPICIOUS_MOVE = YES;
				CLANG_WARN_UNGUARDED_AVAILABILITY = YES_AGGRESSIVE;
				CLANG_WARN_UNREACHABLE_CODE = YES;
				CLANG_WARN__DUPLICATE_METHOD_MATCH = YES;
				CODE_SIGN_IDENTITY = "iPhone Developer";
				CODE_SIGN_STYLE = Automatic;
				COPY_PHASE_STRIP = NO;
				DEBUG_INFORMATION_FORMAT = "dwarf-with-dsym";
				DEVELOPMENT_TEAM = VZL5UU3D65;
				ENABLE_NS_ASSERTIONS = NO;
				ENABLE_STRICT_OBJC_MSGSEND = YES;
				GCC_C_LANGUAGE_STANDARD = gnu11;
				GCC_NO_COMMON_BLOCKS = YES;
				GCC_WARN_64_TO_32_BIT_CONVERSION = YES;
				GCC_WARN_ABOUT_RETURN_TYPE = YES_ERROR;
				GCC_WARN_UNDECLARED_SELECTOR = YES;
				GCC_WARN_UNINITIALIZED_AUTOS = YES_AGGRESSIVE;
				GCC_WARN_UNUSED_FUNCTION = YES;
				GCC_WARN_UNUSED_VARIABLE = YES;
				INFOPLIST_FILE = Targets/SwiftExtensionsTests/Info.plist;
				IPHONEOS_DEPLOYMENT_TARGET = 12.1;
				LD_RUNPATH_SEARCH_PATHS = (
					"$(inherited)",
					"@executable_path/Frameworks",
					"@loader_path/Frameworks",
				);
				MTL_ENABLE_DEBUG_INFO = NO;
				MTL_FAST_MATH = YES;
				PRODUCT_BUNDLE_IDENTIFIER = lucasprates.SwiftExtensionsTests;
				PRODUCT_NAME = "$(TARGET_NAME)";
				SDKROOT = iphoneos;
				SWIFT_COMPILATION_MODE = wholemodule;
				SWIFT_OPTIMIZATION_LEVEL = "-O";
				SWIFT_VERSION = 4.2;
				TARGETED_DEVICE_FAMILY = "1,2";
				VALIDATE_PRODUCT = YES;
			};
			name = Release;
		};
/* End XCBuildConfiguration section */

/* Begin XCConfigurationList section */
		A031B8DE21970C7F000A49D5 /* Build configuration list for PBXProject "SwiftExtensions" */ = {
			isa = XCConfigurationList;
			buildConfigurations = (
				A031B8DF21970C7F000A49D5 /* Debug */,
				A031B8E021970C7F000A49D5 /* Release */,
			);
			defaultConfigurationIsVisible = 0;
			defaultConfigurationName = Release;
		};
		A0C704B7219711670003192B /* Build configuration list for PBXNativeTarget "SwiftExtensions" */ = {
			isa = XCConfigurationList;
			buildConfigurations = (
				A0C704B8219711670003192B /* Debug */,
				A0C704B9219711670003192B /* Release */,
			);
			defaultConfigurationIsVisible = 0;
			defaultConfigurationName = Release;
		};
		A0C704C6219711870003192B /* Build configuration list for PBXNativeTarget "SwiftExtensionsTests" */ = {
			isa = XCConfigurationList;
			buildConfigurations = (
				A0C704C7219711870003192B /* Debug */,
				A0C704C8219711870003192B /* Release */,
			);
			defaultConfigurationIsVisible = 0;
			defaultConfigurationName = Release;
		};
/* End XCConfigurationList section */
	};
	rootObject = A031B8DB21970C7F000A49D5 /* Project object */;
}
